
Microsoft Visual Studio Solution File, Format Version 12.00
# Visual Studio Version 17
VisualStudioVersion = 17.11.35327.3
MinimumVisualStudioVersion = 10.0.40219.1
Project("{2150E333-8FDC-42A3-9474-1A3956D46DE8}") = "common", "common", "{9C859172-26A8-4214-AB83-7E25A600D6EC}"
	ProjectSection(SolutionItems) = preProject
		.editorconfig = .editorconfig
		BACKLOG.md = BACKLOG.md
		Glossary.md = Glossary.md
		Graph001.png = Graph001.png
		Hosts.png = Hosts.png
		README.md = README.md
	EndProjectSection
EndProject
Project("{2150E333-8FDC-42A3-9474-1A3956D46DE8}") = "src", "src", "{9740CDE7-1499-4015-8D34-52B47F85626E}"
EndProject
Project("{2150E333-8FDC-42A3-9474-1A3956D46DE8}") = "tests", "tests", "{29D13B89-B01E-48A6-A715-E058DD526317}"
EndProject
Project("{FAE04EC0-301F-11D3-BF4B-00C04F79EFBC}") = "CalculationEngine.Core", "src\CalculationEngine.Core\CalculationEngine.Core.csproj", "{0E382774-9512-48A9-A199-024A380E031A}"
EndProject
Project("{FAE04EC0-301F-11D3-BF4B-00C04F79EFBC}") = "CalculationEngine.Core.Tests", "tests\CalculationEngine.Core.Tests\CalculationEngine.Core.Tests.csproj", "{854DF007-7EC1-410E-978C-C7261D4C773D}"
EndProject
Project("{FAE04EC0-301F-11D3-BF4B-00C04F79EFBC}") = "CalculationEngine.Graphlib", "src\CalculationEngine.Graphlib\CalculationEngine.Graphlib.csproj", "{BF51CE25-0EBC-4626-A425-9A65F4A3BDDB}"
EndProject
Project("{FAE04EC0-301F-11D3-BF4B-00C04F79EFBC}") = "CalculationEngine.Graphlib.Tests", "tests\CalculationEngine.Graphlib.Tests\CalculationEngine.Graphlib.Tests.csproj", "{53ABC2A7-B062-4F8C-9F3A-4FDFEA20726B}"
EndProject
Project("{FAE04EC0-301F-11D3-BF4B-00C04F79EFBC}") = "CalculationEngine.DataAccess", "src\CalculationEngine.DataAccess\CalculationEngine.DataAccess.csproj", "{56B878D7-B8E5-48CA-96C6-4EF860B48C98}"
EndProject
Project("{FAE04EC0-301F-11D3-BF4B-00C04F79EFBC}") = "CalculationEngine.DataAccess.Tests", "tests\CalculationEngine.DataAccess.Tests\CalculationEngine.DataAccess.Tests.csproj", "{C985BE5D-2513-4FAD-8EEC-AEE22D4422F3}"
EndProject
Project("{2150E333-8FDC-42A3-9474-1A3956D46DE8}") = "samples", "samples", "{4F886F70-70EE-4AED-9EDD-0254BB2A0B1E}"
EndProject
Project("{FAE04EC0-301F-11D3-BF4B-00C04F79EFBC}") = "Sample.HangfireAgent", "samples\Sample.HangfireAgent\Sample.HangfireAgent.csproj", "{96E232E9-3B7E-44D6-B3F1-0C07D552D524}"
EndProject
Project("{FAE04EC0-301F-11D3-BF4B-00C04F79EFBC}") = "Sample.WebApi", "samples\Sample.WebApi\Sample.WebApi.csproj", "{67DDDD46-BA1C-4FBC-B8EE-D18A04923BFB}"
EndProject
Project("{FAE04EC0-301F-11D3-BF4B-00C04F79EFBC}") = "Sample.Application", "samples\Sample.Application\Sample.Application.csproj", "{915B117A-4A95-4D93-93B0-9590B29B5911}"
EndProject
Project("{FAE04EC0-301F-11D3-BF4B-00C04F79EFBC}") = "CalculationEngine", "src\CalculationEngine\CalculationEngine.csproj", "{C71872AB-B23E-4B2A-BB09-4C065C46A7FE}"
EndProject
Project("{2150E333-8FDC-42A3-9474-1A3956D46DE8}") = "docs", "docs", "{B4C4EE4D-109D-413C-9969-7654B18EAD12}"
	ProjectSection(SolutionItems) = preProject
		docs.md = docs.md
	EndProjectSection
EndProject
Global
	GlobalSection(SolutionConfigurationPlatforms) = preSolution
		Debug|Any CPU = Debug|Any CPU
		Release|Any CPU = Release|Any CPU
	EndGlobalSection
	GlobalSection(ProjectConfigurationPlatforms) = postSolution
		{0E382774-9512-48A9-A199-024A380E031A}.Debug|Any CPU.ActiveCfg = Debug|Any CPU
		{0E382774-9512-48A9-A199-024A380E031A}.Debug|Any CPU.Build.0 = Debug|Any CPU
		{0E382774-9512-48A9-A199-024A380E031A}.Release|Any CPU.ActiveCfg = Release|Any CPU
		{0E382774-9512-48A9-A199-024A380E031A}.Release|Any CPU.Build.0 = Release|Any CPU
		{854DF007-7EC1-410E-978C-C7261D4C773D}.Debug|Any CPU.ActiveCfg = Debug|Any CPU
		{854DF007-7EC1-410E-978C-C7261D4C773D}.Debug|Any CPU.Build.0 = Debug|Any CPU
		{854DF007-7EC1-410E-978C-C7261D4C773D}.Release|Any CPU.ActiveCfg = Release|Any CPU
		{854DF007-7EC1-410E-978C-C7261D4C773D}.Release|Any CPU.Build.0 = Release|Any CPU
		{BF51CE25-0EBC-4626-A425-9A65F4A3BDDB}.Debug|Any CPU.ActiveCfg = Debug|Any CPU
		{BF51CE25-0EBC-4626-A425-9A65F4A3BDDB}.Debug|Any CPU.Build.0 = Debug|Any CPU
		{BF51CE25-0EBC-4626-A425-9A65F4A3BDDB}.Release|Any CPU.ActiveCfg = Release|Any CPU
		{BF51CE25-0EBC-4626-A425-9A65F4A3BDDB}.Release|Any CPU.Build.0 = Release|Any CPU
		{53ABC2A7-B062-4F8C-9F3A-4FDFEA20726B}.Debug|Any CPU.ActiveCfg = Debug|Any CPU
		{53ABC2A7-B062-4F8C-9F3A-4FDFEA20726B}.Debug|Any CPU.Build.0 = Debug|Any CPU
		{53ABC2A7-B062-4F8C-9F3A-4FDFEA20726B}.Release|Any CPU.ActiveCfg = Release|Any CPU
		{53ABC2A7-B062-4F8C-9F3A-4FDFEA20726B}.Release|Any CPU.Build.0 = Release|Any CPU
		{56B878D7-B8E5-48CA-96C6-4EF860B48C98}.Debug|Any CPU.ActiveCfg = Debug|Any CPU
		{56B878D7-B8E5-48CA-96C6-4EF860B48C98}.Debug|Any CPU.Build.0 = Debug|Any CPU
		{56B878D7-B8E5-48CA-96C6-4EF860B48C98}.Release|Any CPU.ActiveCfg = Release|Any CPU
		{56B878D7-B8E5-48CA-96C6-4EF860B48C98}.Release|Any CPU.Build.0 = Release|Any CPU
		{C985BE5D-2513-4FAD-8EEC-AEE22D4422F3}.Debug|Any CPU.ActiveCfg = Debug|Any CPU
		{C985BE5D-2513-4FAD-8EEC-AEE22D4422F3}.Debug|Any CPU.Build.0 = Debug|Any CPU
		{C985BE5D-2513-4FAD-8EEC-AEE22D4422F3}.Release|Any CPU.ActiveCfg = Release|Any CPU
		{C985BE5D-2513-4FAD-8EEC-AEE22D4422F3}.Release|Any CPU.Build.0 = Release|Any CPU
		{96E232E9-3B7E-44D6-B3F1-0C07D552D524}.Debug|Any CPU.ActiveCfg = Debug|Any CPU
		{96E232E9-3B7E-44D6-B3F1-0C07D552D524}.Debug|Any CPU.Build.0 = Debug|Any CPU
		{96E232E9-3B7E-44D6-B3F1-0C07D552D524}.Release|Any CPU.ActiveCfg = Release|Any CPU
		{96E232E9-3B7E-44D6-B3F1-0C07D552D524}.Release|Any CPU.Build.0 = Release|Any CPU
		{67DDDD46-BA1C-4FBC-B8EE-D18A04923BFB}.Debug|Any CPU.ActiveCfg = Debug|Any CPU
		{67DDDD46-BA1C-4FBC-B8EE-D18A04923BFB}.Debug|Any CPU.Build.0 = Debug|Any CPU
		{67DDDD46-BA1C-4FBC-B8EE-D18A04923BFB}.Release|Any CPU.ActiveCfg = Release|Any CPU
		{67DDDD46-BA1C-4FBC-B8EE-D18A04923BFB}.Release|Any CPU.Build.0 = Release|Any CPU
		{915B117A-4A95-4D93-93B0-9590B29B5911}.Debug|Any CPU.ActiveCfg = Debug|Any CPU
		{915B117A-4A95-4D93-93B0-9590B29B5911}.Debug|Any CPU.Build.0 = Debug|Any CPU
		{915B117A-4A95-4D93-93B0-9590B29B5911}.Release|Any CPU.ActiveCfg = Release|Any CPU
		{915B117A-4A95-4D93-93B0-9590B29B5911}.Release|Any CPU.Build.0 = Release|Any CPU
		{C71872AB-B23E-4B2A-BB09-4C065C46A7FE}.Debug|Any CPU.ActiveCfg = Debug|Any CPU
		{C71872AB-B23E-4B2A-BB09-4C065C46A7FE}.Debug|Any CPU.Build.0 = Debug|Any CPU
		{C71872AB-B23E-4B2A-BB09-4C065C46A7FE}.Release|Any CPU.ActiveCfg = Release|Any CPU
		{C71872AB-B23E-4B2A-BB09-4C065C46A7FE}.Release|Any CPU.Build.0 = Release|Any CPU
	EndGlobalSection
	GlobalSection(SolutionProperties) = preSolution
		HideSolutionNode = FALSE
	EndGlobalSection
	GlobalSection(NestedProjects) = preSolution
		{0E382774-9512-48A9-A199-024A380E031A} = {9740CDE7-1499-4015-8D34-52B47F85626E}
		{854DF007-7EC1-410E-978C-C7261D4C773D} = {29D13B89-B01E-48A6-A715-E058DD526317}
		{BF51CE25-0EBC-4626-A425-9A65F4A3BDDB} = {9740CDE7-1499-4015-8D34-52B47F85626E}
		{53ABC2A7-B062-4F8C-9F3A-4FDFEA20726B} = {29D13B89-B01E-48A6-A715-E058DD526317}
		{56B878D7-B8E5-48CA-96C6-4EF860B48C98} = {9740CDE7-1499-4015-8D34-52B47F85626E}
		{C985BE5D-2513-4FAD-8EEC-AEE22D4422F3} = {29D13B89-B01E-48A6-A715-E058DD526317}
		{96E232E9-3B7E-44D6-B3F1-0C07D552D524} = {4F886F70-70EE-4AED-9EDD-0254BB2A0B1E}
		{67DDDD46-BA1C-4FBC-B8EE-D18A04923BFB} = {4F886F70-70EE-4AED-9EDD-0254BB2A0B1E}
		{915B117A-4A95-4D93-93B0-9590B29B5911} = {4F886F70-70EE-4AED-9EDD-0254BB2A0B1E}
		{C71872AB-B23E-4B2A-BB09-4C065C46A7FE} = {9740CDE7-1499-4015-8D34-52B47F85626E}
	EndGlobalSection
	GlobalSection(ExtensibilityGlobals) = postSolution
		SolutionGuid = {112446CA-3E13-4E65-B702-CEA58E2762B3}
	EndGlobalSection
EndGlobal
