
Microsoft Visual Studio Solution File, Format Version 12.00
# Visual Studio Version 17
VisualStudioVersion = 17.11.35327.3
MinimumVisualStudioVersion = 10.0.40219.1
Project("{2150E333-8FDC-42A3-9474-1A3956D46DE8}") = "common", "common", "{9C859172-26A8-4214-AB83-7E25A600D6EC}"
	ProjectSection(SolutionItems) = preProject
		.editorconfig = .editorconfig
		BACKLOG.md = BACKLOG.md
		README.md = README.md
	EndProjectSection
EndProject
Project("{2150E333-8FDC-42A3-9474-1A3956D46DE8}") = "src", "src", "{9740CDE7-1499-4015-8D34-52B47F85626E}"
EndProject
Project("{2150E333-8FDC-42A3-9474-1A3956D46DE8}") = "tests", "tests", "{29D13B89-B01E-48A6-A715-E058DD526317}"
EndProject
Project("{9A19103F-16F7-4668-BE54-9A1E7A4F7556}") = "HfDemo.WebApi", "src\HfDemo.WebApi\HfDemo.WebApi.csproj", "{1F85ADE8-A69E-44E7-9289-2238CF33A523}"
EndProject
Project("{9A19103F-16F7-4668-BE54-9A1E7A4F7556}") = "HfDemo.Application", "src\HfDemo.Application\HfDemo.Application.csproj", "{30F1E599-5F8B-4CCE-BB14-7759CABDB881}"
EndProject
Project("{9A19103F-16F7-4668-BE54-9A1E7A4F7556}") = "HfDemo.DomainModel", "src\HfDemo.DomainModel\HfDemo.DomainModel.csproj", "{969FA0B8-1124-4CE7-9CD0-0241E0A9FAC6}"
EndProject
Project("{FAE04EC0-301F-11D3-BF4B-00C04F79EFBC}") = "HfDemo.DataAccess", "src\HfDemo.DataAccess\HfDemo.DataAccess.csproj", "{84677BE7-D831-40EB-BA7C-8175C9604797}"
EndProject
Project("{FAE04EC0-301F-11D3-BF4B-00C04F79EFBC}") = "HfDemo.Contracts", "src\HfDemo.Contracts\HfDemo.Contracts.csproj", "{2B08155B-E617-4BB6-9C9D-7FE2DE739421}"
EndProject
Project("{FAE04EC0-301F-11D3-BF4B-00C04F79EFBC}") = "CalcEngine.Client", "src\CalcEngine.Client\CalcEngine.Client.csproj", "{B28CCE99-FA39-498F-B118-8AEB5C108648}"
EndProject
Project("{FAE04EC0-301F-11D3-BF4B-00C04F79EFBC}") = "CalcEngine.Client.Tests", "tests\CalcEngine.Client.Tests\CalcEngine.Client.Tests.csproj", "{1352DF11-E8E3-455A-BD6B-2640CBE3E3C3}"
EndProject
Project("{FAE04EC0-301F-11D3-BF4B-00C04F79EFBC}") = "CalculationEngine.Core", "src\CalculationEngine.Core\CalculationEngine.Core.csproj", "{0E382774-9512-48A9-A199-024A380E031A}"
EndProject
Project("{FAE04EC0-301F-11D3-BF4B-00C04F79EFBC}") = "CalculationEngine.Server", "src\CalculationEngine.Server\CalculationEngine.Server.csproj", "{BFB35FE8-A013-4479-965E-3A176340E5BD}"
EndProject
Project("{FAE04EC0-301F-11D3-BF4B-00C04F79EFBC}") = "CalculationEngine.AppDemo", "src\CalculationEngine.AppDemo\CalculationEngine.AppDemo.csproj", "{0AC09289-CECF-490C-8226-A184F8902A20}"
EndProject
Global
	GlobalSection(SolutionConfigurationPlatforms) = preSolution
		Debug|Any CPU = Debug|Any CPU
		Release|Any CPU = Release|Any CPU
	EndGlobalSection
	GlobalSection(ProjectConfigurationPlatforms) = postSolution
		{1F85ADE8-A69E-44E7-9289-2238CF33A523}.Debug|Any CPU.ActiveCfg = Debug|Any CPU
		{1F85ADE8-A69E-44E7-9289-2238CF33A523}.Debug|Any CPU.Build.0 = Debug|Any CPU
		{1F85ADE8-A69E-44E7-9289-2238CF33A523}.Release|Any CPU.ActiveCfg = Release|Any CPU
		{1F85ADE8-A69E-44E7-9289-2238CF33A523}.Release|Any CPU.Build.0 = Release|Any CPU
		{30F1E599-5F8B-4CCE-BB14-7759CABDB881}.Debug|Any CPU.ActiveCfg = Debug|Any CPU
		{30F1E599-5F8B-4CCE-BB14-7759CABDB881}.Debug|Any CPU.Build.0 = Debug|Any CPU
		{30F1E599-5F8B-4CCE-BB14-7759CABDB881}.Release|Any CPU.ActiveCfg = Release|Any CPU
		{30F1E599-5F8B-4CCE-BB14-7759CABDB881}.Release|Any CPU.Build.0 = Release|Any CPU
		{969FA0B8-1124-4CE7-9CD0-0241E0A9FAC6}.Debug|Any CPU.ActiveCfg = Debug|Any CPU
		{969FA0B8-1124-4CE7-9CD0-0241E0A9FAC6}.Debug|Any CPU.Build.0 = Debug|Any CPU
		{969FA0B8-1124-4CE7-9CD0-0241E0A9FAC6}.Release|Any CPU.ActiveCfg = Release|Any CPU
		{969FA0B8-1124-4CE7-9CD0-0241E0A9FAC6}.Release|Any CPU.Build.0 = Release|Any CPU
		{84677BE7-D831-40EB-BA7C-8175C9604797}.Debug|Any CPU.ActiveCfg = Debug|Any CPU
		{84677BE7-D831-40EB-BA7C-8175C9604797}.Debug|Any CPU.Build.0 = Debug|Any CPU
		{84677BE7-D831-40EB-BA7C-8175C9604797}.Release|Any CPU.ActiveCfg = Release|Any CPU
		{84677BE7-D831-40EB-BA7C-8175C9604797}.Release|Any CPU.Build.0 = Release|Any CPU
		{2B08155B-E617-4BB6-9C9D-7FE2DE739421}.Debug|Any CPU.ActiveCfg = Debug|Any CPU
		{2B08155B-E617-4BB6-9C9D-7FE2DE739421}.Debug|Any CPU.Build.0 = Debug|Any CPU
		{2B08155B-E617-4BB6-9C9D-7FE2DE739421}.Release|Any CPU.ActiveCfg = Release|Any CPU
		{2B08155B-E617-4BB6-9C9D-7FE2DE739421}.Release|Any CPU.Build.0 = Release|Any CPU
		{B28CCE99-FA39-498F-B118-8AEB5C108648}.Debug|Any CPU.ActiveCfg = Debug|Any CPU
		{B28CCE99-FA39-498F-B118-8AEB5C108648}.Debug|Any CPU.Build.0 = Debug|Any CPU
		{B28CCE99-FA39-498F-B118-8AEB5C108648}.Release|Any CPU.ActiveCfg = Release|Any CPU
		{B28CCE99-FA39-498F-B118-8AEB5C108648}.Release|Any CPU.Build.0 = Release|Any CPU
		{1352DF11-E8E3-455A-BD6B-2640CBE3E3C3}.Debug|Any CPU.ActiveCfg = Debug|Any CPU
		{1352DF11-E8E3-455A-BD6B-2640CBE3E3C3}.Debug|Any CPU.Build.0 = Debug|Any CPU
		{1352DF11-E8E3-455A-BD6B-2640CBE3E3C3}.Release|Any CPU.ActiveCfg = Release|Any CPU
		{1352DF11-E8E3-455A-BD6B-2640CBE3E3C3}.Release|Any CPU.Build.0 = Release|Any CPU
		{0E382774-9512-48A9-A199-024A380E031A}.Debug|Any CPU.ActiveCfg = Debug|Any CPU
		{0E382774-9512-48A9-A199-024A380E031A}.Debug|Any CPU.Build.0 = Debug|Any CPU
		{0E382774-9512-48A9-A199-024A380E031A}.Release|Any CPU.ActiveCfg = Release|Any CPU
		{0E382774-9512-48A9-A199-024A380E031A}.Release|Any CPU.Build.0 = Release|Any CPU
		{BFB35FE8-A013-4479-965E-3A176340E5BD}.Debug|Any CPU.ActiveCfg = Debug|Any CPU
		{BFB35FE8-A013-4479-965E-3A176340E5BD}.Debug|Any CPU.Build.0 = Debug|Any CPU
		{BFB35FE8-A013-4479-965E-3A176340E5BD}.Release|Any CPU.ActiveCfg = Release|Any CPU
		{BFB35FE8-A013-4479-965E-3A176340E5BD}.Release|Any CPU.Build.0 = Release|Any CPU
		{0AC09289-CECF-490C-8226-A184F8902A20}.Debug|Any CPU.ActiveCfg = Debug|Any CPU
		{0AC09289-CECF-490C-8226-A184F8902A20}.Debug|Any CPU.Build.0 = Debug|Any CPU
		{0AC09289-CECF-490C-8226-A184F8902A20}.Release|Any CPU.ActiveCfg = Release|Any CPU
		{0AC09289-CECF-490C-8226-A184F8902A20}.Release|Any CPU.Build.0 = Release|Any CPU
	EndGlobalSection
	GlobalSection(SolutionProperties) = preSolution
		HideSolutionNode = FALSE
	EndGlobalSection
	GlobalSection(NestedProjects) = preSolution
		{1F85ADE8-A69E-44E7-9289-2238CF33A523} = {9740CDE7-1499-4015-8D34-52B47F85626E}
		{30F1E599-5F8B-4CCE-BB14-7759CABDB881} = {9740CDE7-1499-4015-8D34-52B47F85626E}
		{969FA0B8-1124-4CE7-9CD0-0241E0A9FAC6} = {9740CDE7-1499-4015-8D34-52B47F85626E}
		{84677BE7-D831-40EB-BA7C-8175C9604797} = {9740CDE7-1499-4015-8D34-52B47F85626E}
		{2B08155B-E617-4BB6-9C9D-7FE2DE739421} = {9740CDE7-1499-4015-8D34-52B47F85626E}
		{B28CCE99-FA39-498F-B118-8AEB5C108648} = {9740CDE7-1499-4015-8D34-52B47F85626E}
		{1352DF11-E8E3-455A-BD6B-2640CBE3E3C3} = {29D13B89-B01E-48A6-A715-E058DD526317}
		{0E382774-9512-48A9-A199-024A380E031A} = {9740CDE7-1499-4015-8D34-52B47F85626E}
		{BFB35FE8-A013-4479-965E-3A176340E5BD} = {9740CDE7-1499-4015-8D34-52B47F85626E}
		{0AC09289-CECF-490C-8226-A184F8902A20} = {9740CDE7-1499-4015-8D34-52B47F85626E}
	EndGlobalSection
	GlobalSection(ExtensibilityGlobals) = postSolution
		SolutionGuid = {112446CA-3E13-4E65-B702-CEA58E2762B3}
	EndGlobalSection
EndGlobal
